{
    "_readme": [
        "This file locks the dependencies of your project to a known state",
        "Read more about it at https://getcomposer.org/doc/01-basic-usage.md#installing-dependencies",
        "This file is @generated automatically"
    ],
    "content-hash": "8c952ef112fb7163143108b64f20f9c2",
    "packages": [
        {
            "name": "campo/random-user-agent",
            "version": "1.3.0",
            "source": {
                "type": "git",
                "url": "https://github.com/joecampo/random-user-agent.git",
                "reference": "4a88bd90f66ca398b050b19848e3c6ea143ce8a0"
            },
            "dist": {
                "type": "zip",
                "url": "https://api.github.com/repos/joecampo/random-user-agent/zipball/4a88bd90f66ca398b050b19848e3c6ea143ce8a0",
                "reference": "4a88bd90f66ca398b050b19848e3c6ea143ce8a0",
                "shasum": ""
            },
            "require": {
                "php": ">=5.3.0"
            },
            "require-dev": {
                "phpunit/phpunit": "^5.0"
            },
            "type": "library",
            "autoload": {
                "psr-4": {
                    "Campo\\": "src/"
                }
            },
            "notification-url": "https://packagist.org/downloads/",
            "license": [
                "MIT"
            ],
            "authors": [
                {
                    "name": "Joe Campo",
                    "email": "jcampo@gmail.com"
                }
            ],
            "description": "Generate real random user-agents.",
            "keywords": [
                "spoofing user",
                "user agent",
                "user agents",
                "user-agent"
            ],
            "support": {
                "issues": "https://github.com/joecampo/random-user-agent/issues",
                "source": "https://github.com/joecampo/random-user-agent/tree/master"
            },
            "time": "2018-06-13T14:26:21+00:00"
        },
        {
            "name": "php-curl-class/php-curl-class",
            "version": "9.5.1",
            "source": {
                "type": "git",
                "url": "https://github.com/php-curl-class/php-curl-class.git",
                "reference": "a0a3f2b10b086038eec98e92b1563b208daea04a"
            },
            "dist": {
                "type": "zip",
                "url": "https://api.github.com/repos/php-curl-class/php-curl-class/zipball/a0a3f2b10b086038eec98e92b1563b208daea04a",
                "reference": "a0a3f2b10b086038eec98e92b1563b208daea04a",
                "shasum": ""
            },
            "require": {
                "ext-curl": "*",
                "php": ">=7.0"
            },
            "require-dev": {
                "ext-gd": "*",
                "phpcompatibility/php-compatibility": "*",
                "phpunit/phpunit": "*",
                "squizlabs/php_codesniffer": "*",
                "vimeo/psalm": "*"
            },
            "suggest": {
                "ext-mbstring": "*"
            },
            "type": "library",
            "autoload": {
                "psr-4": {
                    "Curl\\": "src/Curl/"
                }
            },
            "notification-url": "https://packagist.org/downloads/",
            "license": [
                "Unlicense"
            ],
            "authors": [
                {
                    "name": "Zach Borboa"
                }
            ],
            "description": "PHP Curl Class makes it easy to send HTTP requests and integrate with web APIs.",
            "homepage": "https://github.com/php-curl-class/php-curl-class",
            "keywords": [
                "API-Client",
                "api",
                "class",
                "client",
                "curl",
                "framework",
                "http",
                "http-client",
                "http-proxy",
                "json",
                "php",
                "php-curl",
                "php-curl-library",
                "proxy",
                "requests",
                "restful",
                "web-scraper",
                "web-scraping ",
                "web-service",
                "xml"
            ],
            "support": {
                "issues": "https://github.com/php-curl-class/php-curl-class/issues",
                "source": "https://github.com/php-curl-class/php-curl-class/tree/9.5.1"
            },
            "time": "2021-12-14T16:26:30+00:00"
        }
    ],
    "packages-dev": [],
    "aliases": [],
    "minimum-stability": "stable",
    "stability-flags": [],
    "prefer-stable": false,
    "prefer-lowest": false,
    "platform": [],
    "platform-dev": [],
    "plugin-api-version": "2.0.0"
}
